# THIS IS AN AUTOGENERATED FILE. DO NOT EDIT THIS FILE DIRECTLY.
# yarn lockfile v1


cannon-es@^0.20.0:
  version "0.20.0"
  resolved "https://registry.yarnpkg.com/cannon-es/-/cannon-es-0.20.0.tgz#bf2f62a674701f37e3d861c90668a32d4d32f082"
  integrity sha512-eZhWTZIkFOnMAJOgfXJa9+b3kVlvG+FX4mdkpePev/w/rP5V8NRquGyEozcjPfEoXUlb+p7d9SUcmDSn14prOA==

gsap@^3.12.2:
  version "3.12.2"
  resolved "https://registry.yarnpkg.com/gsap/-/gsap-3.12.2.tgz#6e88203eed360761cbf2a2cb3a8d702aa87f3f6d"
  integrity sha512-EkYnpG8qHgYBFAwsgsGEqvT1WUidX0tt/ijepx7z8EUJHElykg91RvW1XbkT59T0gZzzszOpjQv7SE41XuIXyQ==
